// !$*UTF8*$!
{
	archiveVersion = 1;
	classes = {
	};
	objectVersion = 46;
	objects = {

/* Begin PBXBuildFile section */
		8414DC5B1BAFD2EF00D290F9 /* 头像.png in Resources */ = {isa = PBXBuildFile; fileRef = 8414DC551BAFD2EF00D290F9 /* 头像.png */; };
		8414DC5C1BAFD2EF00D290F9 /* 图标A.png in Resources */ = {isa = PBXBuildFile; fileRef = 8414DC561BAFD2EF00D290F9 /* 图标A.png */; };
		8414DC5D1BAFD2EF00D290F9 /* 图标B.png in Resources */ = {isa = PBXBuildFile; fileRef = 8414DC571BAFD2EF00D290F9 /* 图标B.png */; };
		8414DC5E1BAFD2EF00D290F9 /* 图标C.png in Resources */ = {isa = PBXBuildFile; fileRef = 8414DC581BAFD2EF00D290F9 /* 图标C.png */; };
		8414DC5F1BAFD2EF00D290F9 /* 图标D.png in Resources */ = {isa = PBXBuildFile; fileRef = 8414DC591BAFD2EF00D290F9 /* 图标D.png */; };
		8414DC611BAFD3EC00D290F9 /* 侧滑栏.png in Resources */ = {isa = PBXBuildFile; fileRef = 8414DC601BAFD3EC00D290F9 /* 侧滑栏.png */; };
		84C73EE41BAE644B00773C98 /* main.m in Sources */ = {isa = PBXBuildFile; fileRef = 84C73EE31BAE644B00773C98 /* main.m */; };
		84C73EE71BAE644B00773C98 /* AppDelegate.m in Sources */ = {isa = PBXBuildFile; fileRef = 84C73EE61BAE644B00773C98 /* AppDelegate.m */; };
		84C73EEA1BAE644B00773C98 /* __.xcdatamodeld in Sources */ = {isa = PBXBuildFile; fileRef = 84C73EE81BAE644B00773C98 /* __.xcdatamodeld */; };
		84C73EED1BAE644B00773C98 /* ViewController.m in Sources */ = {isa = PBXBuildFile; fileRef = 84C73EEC1BAE644B00773C98 /* ViewController.m */; };
		84C73EF01BAE644B00773C98 /* Main.storyboard in Resources */ = {isa = PBXBuildFile; fileRef = 84C73EEE1BAE644B00773C98 /* Main.storyboard */; };
		84C73EF21BAE644B00773C98 /* Images.xcassets in Resources */ = {isa = PBXBuildFile; fileRef = 84C73EF11BAE644B00773C98 /* Images.xcassets */; };
		84C73EF51BAE644B00773C98 /* LaunchScreen.xib in Resources */ = {isa = PBXBuildFile; fileRef = 84C73EF31BAE644B00773C98 /* LaunchScreen.xib */; };
		84C73F011BAE644B00773C98 /* __Tests.m in Sources */ = {isa = PBXBuildFile; fileRef = 84C73F001BAE644B00773C98 /* __Tests.m */; };
		84C73F0C1BAE6A3F00773C98 /* LoginViewController.m in Sources */ = {isa = PBXBuildFile; fileRef = 84C73F0B1BAE6A3F00773C98 /* LoginViewController.m */; };
		84C73F0F1BAE764800773C98 /* SignupViewController.m in Sources */ = {isa = PBXBuildFile; fileRef = 84C73F0E1BAE764800773C98 /* SignupViewController.m */; };
		84C73F121BAE785A00773C98 /* ForgetViewController.m in Sources */ = {isa = PBXBuildFile; fileRef = 84C73F111BAE785A00773C98 /* ForgetViewController.m */; };
		84C73F181BAE839200773C98 /* background.png in Resources */ = {isa = PBXBuildFile; fileRef = 84C73F171BAE839200773C98 /* background.png */; };
		84C73F1A1BAE873900773C98 /* logo2.png in Resources */ = {isa = PBXBuildFile; fileRef = 84C73F191BAE873900773C98 /* logo2.png */; };
		84F880131BAF9262007F2495 /* 图标人物(1).png in Resources */ = {isa = PBXBuildFile; fileRef = 84F880121BAF9262007F2495 /* 图标人物(1).png */; };
		84F880151BAF9269007F2495 /* 图标密码(1).png in Resources */ = {isa = PBXBuildFile; fileRef = 84F880141BAF9269007F2495 /* 图标密码(1).png */; };
		84F8801D1BAF955B007F2495 /* 登陆文字(1).png in Resources */ = {isa = PBXBuildFile; fileRef = 84F8801C1BAF955B007F2495 /* 登陆文字(1).png */; };
		84F880221BAF9C7F007F2495 /* 确认密码图标.png in Resources */ = {isa = PBXBuildFile; fileRef = 84F880201BAF9C7F007F2495 /* 确认密码图标.png */; };
		84F880231BAF9C7F007F2495 /* 邮箱图标.png in Resources */ = {isa = PBXBuildFile; fileRef = 84F880211BAF9C7F007F2495 /* 邮箱图标.png */; };
		84F880251BAF9D1E007F2495 /* 密码图标.png in Resources */ = {isa = PBXBuildFile; fileRef = 84F880241BAF9D1E007F2495 /* 密码图标.png */; };
		84F880271BAFA5F1007F2495 /* 背景.png in Resources */ = {isa = PBXBuildFile; fileRef = 84F880261BAFA5F1007F2495 /* 背景.png */; };
		84F8802B1BAFA7FD007F2495 /* 人物B.png in Resources */ = {isa = PBXBuildFile; fileRef = 84F8802A1BAFA7FD007F2495 /* 人物B.png */; };
		84F8802D1BAFA802007F2495 /* 人物A.png in Resources */ = {isa = PBXBuildFile; fileRef = 84F8802C1BAFA802007F2495 /* 人物A.png */; };
		84F8802F1BAFA808007F2495 /* 人物C.png in Resources */ = {isa = PBXBuildFile; fileRef = 84F8802E1BAFA808007F2495 /* 人物C.png */; };
		84F880311BAFAA9B007F2495 /* 定位.png in Resources */ = {isa = PBXBuildFile; fileRef = 84F880301BAFAA9B007F2495 /* 定位.png */; };
		84F880331BAFAAB0007F2495 /* 男女.png in Resources */ = {isa = PBXBuildFile; fileRef = 84F880321BAFAAB0007F2495 /* 男女.png */; };
		84F880351BAFAAB6007F2495 /* 人物图标.png in Resources */ = {isa = PBXBuildFile; fileRef = 84F880341BAFAAB6007F2495 /* 人物图标.png */; };
/* End PBXBuildFile section */

/* Begin PBXContainerItemProxy section */
		84C73EFB1BAE644B00773C98 /* PBXContainerItemProxy */ = {
			isa = PBXContainerItemProxy;
			containerPortal = 84C73ED61BAE644B00773C98 /* Project object */;
			proxyType = 1;
			remoteGlobalIDString = 84C73EDD1BAE644B00773C98;
			remoteInfo = "造型";
		};
/* End PBXContainerItemProxy section */

/* Begin PBXFileReference section */
		8414DC551BAFD2EF00D290F9 /* 头像.png */ = {isa = PBXFileReference; lastKnownFileType = image.png; path = "头像.png"; sourceTree = "<group>"; };
		8414DC561BAFD2EF00D290F9 /* 图标A.png */ = {isa = PBXFileReference; lastKnownFileType = image.png; path = "图标A.png"; sourceTree = "<group>"; };
		8414DC571BAFD2EF00D290F9 /* 图标B.png */ = {isa = PBXFileReference; lastKnownFileType = image.png; path = "图标B.png"; sourceTree = "<group>"; };
		8414DC581BAFD2EF00D290F9 /* 图标C.png */ = {isa = PBXFileReference; lastKnownFileType = image.png; path = "图标C.png"; sourceTree = "<group>"; };
		8414DC591BAFD2EF00D290F9 /* 图标D.png */ = {isa = PBXFileReference; lastKnownFileType = image.png; path = "图标D.png"; sourceTree = "<group>"; };
		8414DC601BAFD3EC00D290F9 /* 侧滑栏.png */ = {isa = PBXFileReference; lastKnownFileType = image.png; path = "侧滑栏.png"; sourceTree = "<group>"; };
		84C73EDE1BAE644B00773C98 /* 造型.app */ = {isa = PBXFileReference; explicitFileType = wrapper.application; includeInIndex = 0; path = "造型.app"; sourceTree = BUILT_PRODUCTS_DIR; };
		84C73EE21BAE644B00773C98 /* Info.plist */ = {isa = PBXFileReference; lastKnownFileType = text.plist.xml; path = Info.plist; sourceTree = "<group>"; };
		84C73EE31BAE644B00773C98 /* main.m */ = {isa = PBXFileReference; lastKnownFileType = sourcecode.c.objc; path = main.m; sourceTree = "<group>"; };
		84C73EE51BAE644B00773C98 /* AppDelegate.h */ = {isa = PBXFileReference; lastKnownFileType = sourcecode.c.h; path = AppDelegate.h; sourceTree = "<group>"; };
		84C73EE61BAE644B00773C98 /* AppDelegate.m */ = {isa = PBXFileReference; lastKnownFileType = sourcecode.c.objc; path = AppDelegate.m; sourceTree = "<group>"; };
		84C73EE91BAE644B00773C98 /* __.xcdatamodel */ = {isa = PBXFileReference; lastKnownFileType = wrapper.xcdatamodel; path = __.xcdatamodel; sourceTree = "<group>"; };
		84C73EEB1BAE644B00773C98 /* ViewController.h */ = {isa = PBXFileReference; lastKnownFileType = sourcecode.c.h; path = ViewController.h; sourceTree = "<group>"; };
		84C73EEC1BAE644B00773C98 /* ViewController.m */ = {isa = PBXFileReference; lastKnownFileType = sourcecode.c.objc; path = ViewController.m; sourceTree = "<group>"; };
		84C73EEF1BAE644B00773C98 /* Base */ = {isa = PBXFileReference; lastKnownFileType = file.storyboard; name = Base; path = Base.lproj/Main.storyboard; sourceTree = "<group>"; };
		84C73EF11BAE644B00773C98 /* Images.xcassets */ = {isa = PBXFileReference; lastKnownFileType = folder.assetcatalog; path = Images.xcassets; sourceTree = "<group>"; };
		84C73EF41BAE644B00773C98 /* Base */ = {isa = PBXFileReference; lastKnownFileType = file.xib; name = Base; path = Base.lproj/LaunchScreen.xib; sourceTree = "<group>"; };
		84C73EFA1BAE644B00773C98 /* 造型Tests.xctest */ = {isa = PBXFileReference; explicitFileType = wrapper.cfbundle; includeInIndex = 0; path = "造型Tests.xctest"; sourceTree = BUILT_PRODUCTS_DIR; };
		84C73EFF1BAE644B00773C98 /* Info.plist */ = {isa = PBXFileReference; lastKnownFileType = text.plist.xml; path = Info.plist; sourceTree = "<group>"; };
		84C73F001BAE644B00773C98 /* __Tests.m */ = {isa = PBXFileReference; lastKnownFileType = sourcecode.c.objc; path = __Tests.m; sourceTree = "<group>"; };
		84C73F0A1BAE6A3F00773C98 /* LoginViewController.h */ = {isa = PBXFileReference; fileEncoding = 4; lastKnownFileType = sourcecode.c.h; path = LoginViewController.h; sourceTree = "<group>"; };
		84C73F0B1BAE6A3F00773C98 /* LoginViewController.m */ = {isa = PBXFileReference; fileEncoding = 4; lastKnownFileType = sourcecode.c.objc; path = LoginViewController.m; sourceTree = "<group>"; };
		84C73F0D1BAE764800773C98 /* SignupViewController.h */ = {isa = PBXFileReference; fileEncoding = 4; lastKnownFileType = sourcecode.c.h; path = SignupViewController.h; sourceTree = "<group>"; };
		84C73F0E1BAE764800773C98 /* SignupViewController.m */ = {isa = PBXFileReference; fileEncoding = 4; lastKnownFileType = sourcecode.c.objc; path = SignupViewController.m; sourceTree = "<group>"; };
		84C73F101BAE785A00773C98 /* ForgetViewController.h */ = {isa = PBXFileReference; fileEncoding = 4; lastKnownFileType = sourcecode.c.h; path = ForgetViewController.h; sourceTree = "<group>"; };
		84C73F111BAE785A00773C98 /* ForgetViewController.m */ = {isa = PBXFileReference; fileEncoding = 4; lastKnownFileType = sourcecode.c.objc; path = ForgetViewController.m; sourceTree = "<group>"; };
		84C73F171BAE839200773C98 /* background.png */ = {isa = PBXFileReference; lastKnownFileType = image.png; path = background.png; sourceTree = "<group>"; };
		84C73F191BAE873900773C98 /* logo2.png */ = {isa = PBXFileReference; lastKnownFileType = image.png; path = logo2.png; sourceTree = "<group>"; };
		84F880121BAF9262007F2495 /* 图标人物(1).png */ = {isa = PBXFileReference; lastKnownFileType = image.png; path = "图标人物(1).png"; sourceTree = "<group>"; };
		84F880141BAF9269007F2495 /* 图标密码(1).png */ = {isa = PBXFileReference; lastKnownFileType = image.png; path = "图标密码(1).png"; sourceTree = "<group>"; };
		84F8801C1BAF955B007F2495 /* 登陆文字(1).png */ = {isa = PBXFileReference; lastKnownFileType = image.png; path = "登陆文字(1).png"; sourceTree = "<group>"; };
		84F880201BAF9C7F007F2495 /* 确认密码图标.png */ = {isa = PBXFileReference; lastKnownFileType = image.png; path = "确认密码图标.png"; sourceTree = "<group>"; };
		84F880211BAF9C7F007F2495 /* 邮箱图标.png */ = {isa = PBXFileReference; lastKnownFileType = image.png; path = "邮箱图标.png"; sourceTree = "<group>"; };
		84F880241BAF9D1E007F2495 /* 密码图标.png */ = {isa = PBXFileReference; lastKnownFileType = image.png; path = "密码图标.png"; sourceTree = "<group>"; };
		84F880261BAFA5F1007F2495 /* 背景.png */ = {isa = PBXFileReference; lastKnownFileType = image.png; path = "背景.png"; sourceTree = "<group>"; };
		84F8802A1BAFA7FD007F2495 /* 人物B.png */ = {isa = PBXFileReference; lastKnownFileType = image.png; path = "人物B.png"; sourceTree = "<group>"; };
		84F8802C1BAFA802007F2495 /* 人物A.png */ = {isa = PBXFileReference; lastKnownFileType = image.png; path = "人物A.png"; sourceTree = "<group>"; };
		84F8802E1BAFA808007F2495 /* 人物C.png */ = {isa = PBXFileReference; lastKnownFileType = image.png; path = "人物C.png"; sourceTree = "<group>"; };
		84F880301BAFAA9B007F2495 /* 定位.png */ = {isa = PBXFileReference; lastKnownFileType = image.png; path = "定位.png"; sourceTree = "<group>"; };
		84F880321BAFAAB0007F2495 /* 男女.png */ = {isa = PBXFileReference; lastKnownFileType = image.png; path = "男女.png"; sourceTree = "<group>"; };
		84F880341BAFAAB6007F2495 /* 人物图标.png */ = {isa = PBXFileReference; lastKnownFileType = image.png; path = "人物图标.png"; sourceTree = "<group>"; };
/* End PBXFileReference section */

/* Begin PBXFrameworksBuildPhase section */
		84C73EDB1BAE644B00773C98 /* Frameworks */ = {
			isa = PBXFrameworksBuildPhase;
			buildActionMask = 2147483647;
			files = (
			);
			runOnlyForDeploymentPostprocessing = 0;
		};
		84C73EF71BAE644B00773C98 /* Frameworks */ = {
			isa = PBXFrameworksBuildPhase;
			buildActionMask = 2147483647;
			files = (
			);
			runOnlyForDeploymentPostprocessing = 0;
		};
/* End PBXFrameworksBuildPhase section */

/* Begin PBXGroup section */
		84C73ED51BAE644B00773C98 = {
			isa = PBXGroup;
			children = (
				84C73EE01BAE644B00773C98 /* Hair */,
				84C73EFD1BAE644B00773C98 /* 造型Tests */,
				84C73EDF1BAE644B00773C98 /* Products */,
			);
			sourceTree = "<group>";
		};
		84C73EDF1BAE644B00773C98 /* Products */ = {
			isa = PBXGroup;
			children = (
				84C73EDE1BAE644B00773C98 /* 造型.app */,
				84C73EFA1BAE644B00773C98 /* 造型Tests.xctest */,
			);
			name = Products;
			sourceTree = "<group>";
		};
		84C73EE01BAE644B00773C98 /* Hair */ = {
			isa = PBXGroup;
			children = (
				84F880111BAF9209007F2495 /* File */,
				84F880101BAF91D2007F2495 /* Photos */,
				84C73EEE1BAE644B00773C98 /* Main.storyboard */,
				84C73EF11BAE644B00773C98 /* Images.xcassets */,
				84C73EF31BAE644B00773C98 /* LaunchScreen.xib */,
				84C73EE81BAE644B00773C98 /* __.xcdatamodeld */,
				84C73EE11BAE644B00773C98 /* Supporting Files */,
			);
			name = Hair;
			path = "造型";
			sourceTree = "<group>";
		};
		84C73EE11BAE644B00773C98 /* Supporting Files */ = {
			isa = PBXGroup;
			children = (
				84C73EE51BAE644B00773C98 /* AppDelegate.h */,
				84C73EE61BAE644B00773C98 /* AppDelegate.m */,
				84C73EE21BAE644B00773C98 /* Info.plist */,
				84C73EE31BAE644B00773C98 /* main.m */,
			);
			name = "Supporting Files";
			sourceTree = "<group>";
		};
		84C73EFD1BAE644B00773C98 /* 造型Tests */ = {
			isa = PBXGroup;
			children = (
				84C73F001BAE644B00773C98 /* __Tests.m */,
				84C73EFE1BAE644B00773C98 /* Supporting Files */,
			);
			path = "造型Tests";
			sourceTree = "<group>";
		};
		84C73EFE1BAE644B00773C98 /* Supporting Files */ = {
			isa = PBXGroup;
			children = (
				84C73EFF1BAE644B00773C98 /* Info.plist */,
			);
			name = "Supporting Files";
			sourceTree = "<group>";
		};
		84F880101BAF91D2007F2495 /* Photos */ = {
			isa = PBXGroup;
			children = (
				8414DC601BAFD3EC00D290F9 /* 侧滑栏.png */,
				8414DC551BAFD2EF00D290F9 /* 头像.png */,
				8414DC561BAFD2EF00D290F9 /* 图标A.png */,
				8414DC571BAFD2EF00D290F9 /* 图标B.png */,
				8414DC581BAFD2EF00D290F9 /* 图标C.png */,
				8414DC591BAFD2EF00D290F9 /* 图标D.png */,
				84F880341BAFAAB6007F2495 /* 人物图标.png */,
				84F880321BAFAAB0007F2495 /* 男女.png */,
				84F880301BAFAA9B007F2495 /* 定位.png */,
				84F8802E1BAFA808007F2495 /* 人物C.png */,
				84F8802C1BAFA802007F2495 /* 人物A.png */,
				84F8802A1BAFA7FD007F2495 /* 人物B.png */,
				84F880261BAFA5F1007F2495 /* 背景.png */,
				84F880241BAF9D1E007F2495 /* 密码图标.png */,
				84F880201BAF9C7F007F2495 /* 确认密码图标.png */,
				84F880211BAF9C7F007F2495 /* 邮箱图标.png */,
				84F8801C1BAF955B007F2495 /* 登陆文字(1).png */,
				84F880141BAF9269007F2495 /* 图标密码(1).png */,
				84F880121BAF9262007F2495 /* 图标人物(1).png */,
				84C73F171BAE839200773C98 /* background.png */,
				84C73F191BAE873900773C98 /* logo2.png */,
			);
			name = Photos;
			sourceTree = "<group>";
		};
		84F880111BAF9209007F2495 /* File */ = {
			isa = PBXGroup;
			children = (
				84C73EEB1BAE644B00773C98 /* ViewController.h */,
				84C73EEC1BAE644B00773C98 /* ViewController.m */,
				84C73F0A1BAE6A3F00773C98 /* LoginViewController.h */,
				84C73F0B1BAE6A3F00773C98 /* LoginViewController.m */,
				84C73F0D1BAE764800773C98 /* SignupViewController.h */,
				84C73F0E1BAE764800773C98 /* SignupViewController.m */,
				84C73F101BAE785A00773C98 /* ForgetViewController.h */,
				84C73F111BAE785A00773C98 /* ForgetViewController.m */,
			);
			name = File;
			sourceTree = "<group>";
		};
/* End PBXGroup section */

/* Begin PBXNativeTarget section */
		84C73EDD1BAE644B00773C98 /* 造型 */ = {
			isa = PBXNativeTarget;
			buildConfigurationList = 84C73F041BAE644B00773C98 /* Build configuration list for PBXNativeTarget "造型" */;
			buildPhases = (
				84C73EDA1BAE644B00773C98 /* Sources */,
				84C73EDB1BAE644B00773C98 /* Frameworks */,
				84C73EDC1BAE644B00773C98 /* Resources */,
			);
			buildRules = (
			);
			dependencies = (
			);
			name = "造型";
			productName = "造型";
			productReference = 84C73EDE1BAE644B00773C98 /* 造型.app */;
			productType = "com.apple.product-type.application";
		};
		84C73EF91BAE644B00773C98 /* 造型Tests */ = {
			isa = PBXNativeTarget;
			buildConfigurationList = 84C73F071BAE644B00773C98 /* Build configuration list for PBXNativeTarget "造型Tests" */;
			buildPhases = (
				84C73EF61BAE644B00773C98 /* Sources */,
				84C73EF71BAE644B00773C98 /* Frameworks */,
				84C73EF81BAE644B00773C98 /* Resources */,
			);
			buildRules = (
			);
			dependencies = (
				84C73EFC1BAE644B00773C98 /* PBXTargetDependency */,
			);
			name = "造型Tests";
			productName = "造型Tests";
			productReference = 84C73EFA1BAE644B00773C98 /* 造型Tests.xctest */;
			productType = "com.apple.product-type.bundle.unit-test";
		};
/* End PBXNativeTarget section */

/* Begin PBXProject section */
		84C73ED61BAE644B00773C98 /* Project object */ = {
			isa = PBXProject;
			attributes = {
				LastUpgradeCheck = 0640;
				ORGANIZATIONNAME = dzx;
				TargetAttributes = {
					84C73EDD1BAE644B00773C98 = {
						CreatedOnToolsVersion = 6.4;
					};
					84C73EF91BAE644B00773C98 = {
						CreatedOnToolsVersion = 6.4;
						TestTargetID = 84C73EDD1BAE644B00773C98;
					};
				};
			};
			buildConfigurationList = 84C73ED91BAE644B00773C98 /* Build configuration list for PBXProject "Hair" */;
			compatibilityVersion = "Xcode 3.2";
			developmentRegion = English;
			hasScannedForEncodings = 0;
			knownRegions = (
				en,
				Base,
			);
			mainGroup = 84C73ED51BAE644B00773C98;
			productRefGroup = 84C73EDF1BAE644B00773C98 /* Products */;
			projectDirPath = "";
			projectRoot = "";
			targets = (
				84C73EDD1BAE644B00773C98 /* 造型 */,
				84C73EF91BAE644B00773C98 /* 造型Tests */,
			);
		};
/* End PBXProject section */

/* Begin PBXResourcesBuildPhase section */
		84C73EDC1BAE644B00773C98 /* Resources */ = {
			isa = PBXResourcesBuildPhase;
			buildActionMask = 2147483647;
			files = (
				8414DC5B1BAFD2EF00D290F9 /* 头像.png in Resources */,
				84F880311BAFAA9B007F2495 /* 定位.png in Resources */,
				84F8802D1BAFA802007F2495 /* 人物A.png in Resources */,
				8414DC5F1BAFD2EF00D290F9 /* 图标D.png in Resources */,
				84F8802B1BAFA7FD007F2495 /* 人物B.png in Resources */,
				84C73EF01BAE644B00773C98 /* Main.storyboard in Resources */,
				84F880221BAF9C7F007F2495 /* 确认密码图标.png in Resources */,
				8414DC5C1BAFD2EF00D290F9 /* 图标A.png in Resources */,
				84C73F1A1BAE873900773C98 /* logo2.png in Resources */,
				8414DC611BAFD3EC00D290F9 /* 侧滑栏.png in Resources */,
				84F880131BAF9262007F2495 /* 图标人物(1).png in Resources */,
				84F880271BAFA5F1007F2495 /* 背景.png in Resources */,
				84F880331BAFAAB0007F2495 /* 男女.png in Resources */,
				84C73F181BAE839200773C98 /* background.png in Resources */,
				84F880151BAF9269007F2495 /* 图标密码(1).png in Resources */,
				84F880251BAF9D1E007F2495 /* 密码图标.png in Resources */,
				84C73EF51BAE644B00773C98 /* LaunchScreen.xib in Resources */,
				8414DC5E1BAFD2EF00D290F9 /* 图标C.png in Resources */,
				84C73EF21BAE644B00773C98 /* Images.xcassets in Resources */,
				84F8802F1BAFA808007F2495 /* 人物C.png in Resources */,
				84F880351BAFAAB6007F2495 /* 人物图标.png in Resources */,
				84F8801D1BAF955B007F2495 /* 登陆文字(1).png in Resources */,
				84F880231BAF9C7F007F2495 /* 邮箱图标.png in Resources */,
				8414DC5D1BAFD2EF00D290F9 /* 图标B.png in Resources */,
			);
			runOnlyForDeploymentPostprocessing = 0;
		};
		84C73EF81BAE644B00773C98 /* Resources */ = {
			isa = PBXResourcesBuildPhase;
			buildActionMask = 2147483647;
			files = (
			);
			runOnlyForDeploymentPostprocessing = 0;
		};
/* End PBXResourcesBuildPhase section */

/* Begin PBXSourcesBuildPhase section */
		84C73EDA1BAE644B00773C98 /* Sources */ = {
			isa = PBXSourcesBuildPhase;
			buildActionMask = 2147483647;
			files = (
				84C73F0F1BAE764800773C98 /* SignupViewController.m in Sources */,
				84C73EEA1BAE644B00773C98 /* __.xcdatamodeld in Sources */,
				84C73EE71BAE644B00773C98 /* AppDelegate.m in Sources */,
				84C73EED1BAE644B00773C98 /* ViewController.m in Sources */,
				84C73EE41BAE644B00773C98 /* main.m in Sources */,
				84C73F121BAE785A00773C98 /* ForgetViewController.m in Sources */,
				84C73F0C1BAE6A3F00773C98 /* LoginViewController.m in Sources */,
			);
			runOnlyForDeploymentPostprocessing = 0;
		};
		84C73EF61BAE644B00773C98 /* Sources */ = {
			isa = PBXSourcesBuildPhase;
			buildActionMask = 2147483647;
			files = (
				84C73F011BAE644B00773C98 /* __Tests.m in Sources */,
			);
			runOnlyForDeploymentPostprocessing = 0;
		};
/* End PBXSourcesBuildPhase section */

/* Begin PBXTargetDependency section */
		84C73EFC1BAE644B00773C98 /* PBXTargetDependency */ = {
			isa = PBXTargetDependency;
			target = 84C73EDD1BAE644B00773C98 /* 造型 */;
			targetProxy = 84C73EFB1BAE644B00773C98 /* PBXContainerItemProxy */;
		};
/* End PBXTargetDependency section */

/* Begin PBXVariantGroup section */
		84C73EEE1BAE644B00773C98 /* Main.storyboard */ = {
			isa = PBXVariantGroup;
			children = (
				84C73EEF1BAE644B00773C98 /* Base */,
			);
			name = Main.storyboard;
			sourceTree = "<group>";
		};
		84C73EF31BAE644B00773C98 /* LaunchScreen.xib */ = {
			isa = PBXVariantGroup;
			children = (
				84C73EF41BAE644B00773C98 /* Base */,
			);
			name = LaunchScreen.xib;
			sourceTree = "<group>";
		};
/* End PBXVariantGroup section */

/* Begin XCBuildConfiguration section */
		84C73F021BAE644B00773C98 /* Debug */ = {
			isa = XCBuildConfiguration;
			buildSettings = {
				ALWAYS_SEARCH_USER_PATHS = NO;
				CLANG_CXX_LANGUAGE_STANDARD = "gnu++0x";
				CLANG_CXX_LIBRARY = "libc++";
				CLANG_ENABLE_MODULES = YES;
				CLANG_ENABLE_OBJC_ARC = YES;
				CLANG_WARN_BOOL_CONVERSION = YES;
				CLANG_WARN_CONSTANT_CONVERSION = YES;
				CLANG_WARN_DIRECT_OBJC_ISA_USAGE = YES_ERROR;
				CLANG_WARN_EMPTY_BODY = YES;
				CLANG_WARN_ENUM_CONVERSION = YES;
				CLANG_WARN_INT_CONVERSION = YES;
				CLANG_WARN_OBJC_ROOT_CLASS = YES_ERROR;
				CLANG_WARN_UNREACHABLE_CODE = YES;
				CLANG_WARN__DUPLICATE_METHOD_MATCH = YES;
				"CODE_SIGN_IDENTITY[sdk=iphoneos*]" = "iPhone Developer";
				COPY_PHASE_STRIP = NO;
				DEBUG_INFORMATION_FORMAT = "dwarf-with-dsym";
				ENABLE_STRICT_OBJC_MSGSEND = YES;
				GCC_C_LANGUAGE_STANDARD = gnu99;
				GCC_DYNAMIC_NO_PIC = NO;
				GCC_NO_COMMON_BLOCKS = YES;
				GCC_OPTIMIZATION_LEVEL = 0;
				GCC_PREPROCESSOR_DEFINITIONS = (
					"DEBUG=1",
					"$(inherited)",
				);
				GCC_SYMBOLS_PRIVATE_EXTERN = NO;
				GCC_WARN_64_TO_32_BIT_CONVERSION = YES;
				GCC_WARN_ABOUT_RETURN_TYPE = YES_ERROR;
				GCC_WARN_UNDECLARED_SELECTOR = YES;
				GCC_WARN_UNINITIALIZED_AUTOS = YES_AGGRESSIVE;
				GCC_WARN_UNUSED_FUNCTION = YES;
				GCC_WARN_UNUSED_VARIABLE = YES;
				IPHONEOS_DEPLOYMENT_TARGET = 8.4;
				MTL_ENABLE_DEBUG_INFO = YES;
				ONLY_ACTIVE_ARCH = YES;
				SDKROOT = iphoneos;
				TARGETED_DEVICE_FAMILY = "1,2";
			};
			name = Debug;
		};
		84C73F031BAE644B00773C98 /* Release */ = {
			isa = XCBuildConfiguration;
			buildSettings = {
				ALWAYS_SEARCH_USER_PATHS = NO;
				CLANG_CXX_LANGUAGE_STANDARD = "gnu++0x";
				CLANG_CXX_LIBRARY = "libc++";
				CLANG_ENABLE_MODULES = YES;
				CLANG_ENABLE_OBJC_ARC = YES;
				CLANG_WARN_BOOL_CONVERSION = YES;
				CLANG_WARN_CONSTANT_CONVERSION = YES;
				CLANG_WARN_DIRECT_OBJC_ISA_USAGE = YES_ERROR;
				CLANG_WARN_EMPTY_BODY = YES;
				CLANG_WARN_ENUM_CONVERSION = YES;
				CLANG_WARN_INT_CONVERSION = YES;
				CLANG_WARN_OBJC_ROOT_CLASS = YES_ERROR;
				CLANG_WARN_UNREACHABLE_CODE = YES;
				CLANG_WARN__DUPLICATE_METHOD_MATCH = YES;
				"CODE_SIGN_IDENTITY[sdk=iphoneos*]" = "iPhone Developer";
				COPY_PHASE_STRIP = NO;
				DEBUG_INFORMATION_FORMAT = "dwarf-with-dsym";
				ENABLE_NS_ASSERTIONS = NO;
				ENABLE_STRICT_OBJC_MSGSEND = YES;
				GCC_C_LANGUAGE_STANDARD = gnu99;
				GCC_NO_COMMON_BLOCKS = YES;
				GCC_WARN_64_TO_32_BIT_CONVERSION = YES;
				GCC_WARN_ABOUT_RETURN_TYPE = YES_ERROR;
				GCC_WARN_UNDECLARED_SELECTOR = YES;
				GCC_WARN_UNINITIALIZED_AUTOS = YES_AGGRESSIVE;
				GCC_WARN_UNUSED_FUNCTION = YES;
				GCC_WARN_UNUSED_VARIABLE = YES;
				IPHONEOS_DEPLOYMENT_TARGET = 8.4;
				MTL_ENABLE_DEBUG_INFO = NO;
				SDKROOT = iphoneos;
				TARGETED_DEVICE_FAMILY = "1,2";
				VALIDATE_PRODUCT = YES;
			};
			name = Release;
		};
		84C73F051BAE644B00773C98 /* Debug */ = {
			isa = XCBuildConfiguration;
			buildSettings = {
				ASSETCATALOG_COMPILER_APPICON_NAME = AppIcon;
				INFOPLIST_FILE = "造型/Info.plist";
				LD_RUNPATH_SEARCH_PATHS = "$(inherited) @executable_path/Frameworks";
				PRODUCT_NAME = "$(TARGET_NAME)";
			};
			name = Debug;
		};
		84C73F061BAE644B00773C98 /* Release */ = {
			isa = XCBuildConfiguration;
			buildSettings = {
				ASSETCATALOG_COMPILER_APPICON_NAME = AppIcon;
				INFOPLIST_FILE = "造型/Info.plist";
				LD_RUNPATH_SEARCH_PATHS = "$(inherited) @executable_path/Frameworks";
				PRODUCT_NAME = "$(TARGET_NAME)";
			};
			name = Release;
		};
		84C73F081BAE644B00773C98 /* Debug */ = {
			isa = XCBuildConfiguration;
			buildSettings = {
				BUNDLE_LOADER = "$(TEST_HOST)";
				FRAMEWORK_SEARCH_PATHS = (
					"$(SDKROOT)/Developer/Library/Frameworks",
					"$(inherited)",
				);
				GCC_PREPROCESSOR_DEFINITIONS = (
					"DEBUG=1",
					"$(inherited)",
				);
				INFOPLIST_FILE = "造型Tests/Info.plist";
				LD_RUNPATH_SEARCH_PATHS = "$(inherited) @executable_path/Frameworks @loader_path/Frameworks";
				PRODUCT_NAME = "$(TARGET_NAME)";
				TEST_HOST = "$(BUILT_PRODUCTS_DIR)/造型.app/造型";
			};
			name = Debug;
		};
		84C73F091BAE644B00773C98 /* Release */ = {
			isa = XCBuildConfiguration;
			buildSettings = {
				BUNDLE_LOADER = "$(TEST_HOST)";
				FRAMEWORK_SEARCH_PATHS = (
					"$(SDKROOT)/Developer/Library/Frameworks",
					"$(inherited)",
				);
				INFOPLIST_FILE = "造型Tests/Info.plist";
				LD_RUNPATH_SEARCH_PATHS = "$(inherited) @executable_path/Frameworks @loader_path/Frameworks";
				PRODUCT_NAME = "$(TARGET_NAME)";
				TEST_HOST = "$(BUILT_PRODUCTS_DIR)/造型.app/造型";
			};
			name = Release;
		};
/* End XCBuildConfiguration section */

/* Begin XCConfigurationList section */
		84C73ED91BAE644B00773C98 /* Build configuration list for PBXProject "Hair" */ = {
			isa = XCConfigurationList;
			buildConfigurations = (
				84C73F021BAE644B00773C98 /* Debug */,
				84C73F031BAE644B00773C98 /* Release */,
			);
			defaultConfigurationIsVisible = 0;
			defaultConfigurationName = Release;
		};
		84C73F041BAE644B00773C98 /* Build configuration list for PBXNativeTarget "造型" */ = {
			isa = XCConfigurationList;
			buildConfigurations = (
				84C73F051BAE644B00773C98 /* Debug */,
				84C73F061BAE644B00773C98 /* Release */,
			);
			defaultConfigurationIsVisible = 0;
			defaultConfigurationName = Release;
		};
		84C73F071BAE644B00773C98 /* Build configuration list for PBXNativeTarget "造型Tests" */ = {
			isa = XCConfigurationList;
			buildConfigurations = (
				84C73F081BAE644B00773C98 /* Debug */,
				84C73F091BAE644B00773C98 /* Release */,
			);
			defaultConfigurationIsVisible = 0;
			defaultConfigurationName = Release;
		};
/* End XCConfigurationList section */

/* Begin XCVersionGroup section */
		84C73EE81BAE644B00773C98 /* __.xcdatamodeld */ = {
			isa = XCVersionGroup;
			children = (
				84C73EE91BAE644B00773C98 /* __.xcdatamodel */,
			);
			currentVersion = 84C73EE91BAE644B00773C98 /* __.xcdatamodel */;
			path = __.xcdatamodeld;
			sourceTree = "<group>";
			versionGroupType = wrapper.xcdatamodel;
		};
/* End XCVersionGroup section */
	};
	rootObject = 84C73ED61BAE644B00773C98 /* Project object */;
}
